
Microsoft Visual Studio Solution File, Format Version 12.00
# Visual Studio 15
VisualStudioVersion = 15.0.26124.0
MinimumVisualStudioVersion = 15.0.26124.0
Project("{2150E333-8FDC-42A3-9474-1A3956D46DE8}") = "src", "src", "{067373DA-C811-46C3-A560-9955FA128016}"
EndProject
Project("{9A19103F-16F7-4668-BE54-9A1E7A4F7556}") = "Applicants.Api", "src\Applicants.Api\Applicants.Api.csproj", "{59B598AA-54C0-4CA9-BFD9-85C96591D7D0}"
EndProject
Project("{9A19103F-16F7-4668-BE54-9A1E7A4F7556}") = "Jobs.Api", "src\Jobs.Api\Jobs.Api.csproj", "{D7AC6D7A-34AC-4C5F-8FF0-EEF4D2A884B4}"
EndProject
Project("{9A19103F-16F7-4668-BE54-9A1E7A4F7556}") = "Match.Service", "src\Match.Service\Match.Service.csproj", "{67511BCF-9B8D-45F3-A95B-B28E8504BA77}"
EndProject
Project("{9A19103F-16F7-4668-BE54-9A1E7A4F7556}") = "Sample.Web", "src\Sample.Web\Sample.Web.csproj", "{6A6F25EA-0613-48F2-951E-86E8D3FBEB94}"
EndProject
Project("{E53339B2-1760-4266-BCC7-CA923CBCF16C}") = "docker-compose", "docker-compose.dcproj", "{C1D4CC69-EC48-480E-8B0D-1F52CC4E6380}"
EndProject
Global
	GlobalSection(SolutionConfigurationPlatforms) = preSolution
		Debug|Any CPU = Debug|Any CPU
		Debug|x64 = Debug|x64
		Debug|x86 = Debug|x86
		Release|Any CPU = Release|Any CPU
		Release|x64 = Release|x64
		Release|x86 = Release|x86
	EndGlobalSection
	GlobalSection(ProjectConfigurationPlatforms) = postSolution
		{59B598AA-54C0-4CA9-BFD9-85C96591D7D0}.Debug|Any CPU.ActiveCfg = Debug|Any CPU
		{59B598AA-54C0-4CA9-BFD9-85C96591D7D0}.Debug|Any CPU.Build.0 = Debug|Any CPU
		{59B598AA-54C0-4CA9-BFD9-85C96591D7D0}.Debug|x64.ActiveCfg = Debug|Any CPU
		{59B598AA-54C0-4CA9-BFD9-85C96591D7D0}.Debug|x64.Build.0 = Debug|Any CPU
		{59B598AA-54C0-4CA9-BFD9-85C96591D7D0}.Debug|x86.ActiveCfg = Debug|Any CPU
		{59B598AA-54C0-4CA9-BFD9-85C96591D7D0}.Debug|x86.Build.0 = Debug|Any CPU
		{59B598AA-54C0-4CA9-BFD9-85C96591D7D0}.Release|Any CPU.ActiveCfg = Release|Any CPU
		{59B598AA-54C0-4CA9-BFD9-85C96591D7D0}.Release|Any CPU.Build.0 = Release|Any CPU
		{59B598AA-54C0-4CA9-BFD9-85C96591D7D0}.Release|x64.ActiveCfg = Release|Any CPU
		{59B598AA-54C0-4CA9-BFD9-85C96591D7D0}.Release|x64.Build.0 = Release|Any CPU
		{59B598AA-54C0-4CA9-BFD9-85C96591D7D0}.Release|x86.ActiveCfg = Release|Any CPU
		{59B598AA-54C0-4CA9-BFD9-85C96591D7D0}.Release|x86.Build.0 = Release|Any CPU
		{D7AC6D7A-34AC-4C5F-8FF0-EEF4D2A884B4}.Debug|Any CPU.ActiveCfg = Debug|Any CPU
		{D7AC6D7A-34AC-4C5F-8FF0-EEF4D2A884B4}.Debug|Any CPU.Build.0 = Debug|Any CPU
		{D7AC6D7A-34AC-4C5F-8FF0-EEF4D2A884B4}.Debug|x64.ActiveCfg = Debug|Any CPU
		{D7AC6D7A-34AC-4C5F-8FF0-EEF4D2A884B4}.Debug|x64.Build.0 = Debug|Any CPU
		{D7AC6D7A-34AC-4C5F-8FF0-EEF4D2A884B4}.Debug|x86.ActiveCfg = Debug|Any CPU
		{D7AC6D7A-34AC-4C5F-8FF0-EEF4D2A884B4}.Debug|x86.Build.0 = Debug|Any CPU
		{D7AC6D7A-34AC-4C5F-8FF0-EEF4D2A884B4}.Release|Any CPU.ActiveCfg = Release|Any CPU
		{D7AC6D7A-34AC-4C5F-8FF0-EEF4D2A884B4}.Release|Any CPU.Build.0 = Release|Any CPU
		{D7AC6D7A-34AC-4C5F-8FF0-EEF4D2A884B4}.Release|x64.ActiveCfg = Release|Any CPU
		{D7AC6D7A-34AC-4C5F-8FF0-EEF4D2A884B4}.Release|x64.Build.0 = Release|Any CPU
		{D7AC6D7A-34AC-4C5F-8FF0-EEF4D2A884B4}.Release|x86.ActiveCfg = Release|Any CPU
		{D7AC6D7A-34AC-4C5F-8FF0-EEF4D2A884B4}.Release|x86.Build.0 = Release|Any CPU
		{67511BCF-9B8D-45F3-A95B-B28E8504BA77}.Debug|Any CPU.ActiveCfg = Debug|Any CPU
		{67511BCF-9B8D-45F3-A95B-B28E8504BA77}.Debug|Any CPU.Build.0 = Debug|Any CPU
		{67511BCF-9B8D-45F3-A95B-B28E8504BA77}.Debug|x64.ActiveCfg = Debug|Any CPU
		{67511BCF-9B8D-45F3-A95B-B28E8504BA77}.Debug|x64.Build.0 = Debug|Any CPU
		{67511BCF-9B8D-45F3-A95B-B28E8504BA77}.Debug|x86.ActiveCfg = Debug|Any CPU
		{67511BCF-9B8D-45F3-A95B-B28E8504BA77}.Debug|x86.Build.0 = Debug|Any CPU
		{67511BCF-9B8D-45F3-A95B-B28E8504BA77}.Release|Any CPU.ActiveCfg = Release|Any CPU
		{67511BCF-9B8D-45F3-A95B-B28E8504BA77}.Release|Any CPU.Build.0 = Release|Any CPU
		{67511BCF-9B8D-45F3-A95B-B28E8504BA77}.Release|x64.ActiveCfg = Release|Any CPU
		{67511BCF-9B8D-45F3-A95B-B28E8504BA77}.Release|x64.Build.0 = Release|Any CPU
		{67511BCF-9B8D-45F3-A95B-B28E8504BA77}.Release|x86.ActiveCfg = Release|Any CPU
		{67511BCF-9B8D-45F3-A95B-B28E8504BA77}.Release|x86.Build.0 = Release|Any CPU
		{6A6F25EA-0613-48F2-951E-86E8D3FBEB94}.Debug|Any CPU.ActiveCfg = Debug|Any CPU
		{6A6F25EA-0613-48F2-951E-86E8D3FBEB94}.Debug|Any CPU.Build.0 = Debug|Any CPU
		{6A6F25EA-0613-48F2-951E-86E8D3FBEB94}.Debug|x64.ActiveCfg = Debug|Any CPU
		{6A6F25EA-0613-48F2-951E-86E8D3FBEB94}.Debug|x64.Build.0 = Debug|Any CPU
		{6A6F25EA-0613-48F2-951E-86E8D3FBEB94}.Debug|x86.ActiveCfg = Debug|Any CPU
		{6A6F25EA-0613-48F2-951E-86E8D3FBEB94}.Debug|x86.Build.0 = Debug|Any CPU
		{6A6F25EA-0613-48F2-951E-86E8D3FBEB94}.Release|Any CPU.ActiveCfg = Release|Any CPU
		{6A6F25EA-0613-48F2-951E-86E8D3FBEB94}.Release|Any CPU.Build.0 = Release|Any CPU
		{6A6F25EA-0613-48F2-951E-86E8D3FBEB94}.Release|x64.ActiveCfg = Release|Any CPU
		{6A6F25EA-0613-48F2-951E-86E8D3FBEB94}.Release|x64.Build.0 = Release|Any CPU
		{6A6F25EA-0613-48F2-951E-86E8D3FBEB94}.Release|x86.ActiveCfg = Release|Any CPU
		{6A6F25EA-0613-48F2-951E-86E8D3FBEB94}.Release|x86.Build.0 = Release|Any CPU
		{C1D4CC69-EC48-480E-8B0D-1F52CC4E6380}.Debug|Any CPU.ActiveCfg = Debug|Any CPU
		{C1D4CC69-EC48-480E-8B0D-1F52CC4E6380}.Debug|Any CPU.Build.0 = Debug|Any CPU
		{C1D4CC69-EC48-480E-8B0D-1F52CC4E6380}.Debug|x64.ActiveCfg = Debug|Any CPU
		{C1D4CC69-EC48-480E-8B0D-1F52CC4E6380}.Debug|x64.Build.0 = Debug|Any CPU
		{C1D4CC69-EC48-480E-8B0D-1F52CC4E6380}.Debug|x86.ActiveCfg = Debug|Any CPU
		{C1D4CC69-EC48-480E-8B0D-1F52CC4E6380}.Debug|x86.Build.0 = Debug|Any CPU
		{C1D4CC69-EC48-480E-8B0D-1F52CC4E6380}.Release|Any CPU.ActiveCfg = Release|Any CPU
		{C1D4CC69-EC48-480E-8B0D-1F52CC4E6380}.Release|Any CPU.Build.0 = Release|Any CPU
		{C1D4CC69-EC48-480E-8B0D-1F52CC4E6380}.Release|x64.ActiveCfg = Release|Any CPU
		{C1D4CC69-EC48-480E-8B0D-1F52CC4E6380}.Release|x64.Build.0 = Release|Any CPU
		{C1D4CC69-EC48-480E-8B0D-1F52CC4E6380}.Release|x86.ActiveCfg = Release|Any CPU
		{C1D4CC69-EC48-480E-8B0D-1F52CC4E6380}.Release|x86.Build.0 = Release|Any CPU
	EndGlobalSection
	GlobalSection(SolutionProperties) = preSolution
		HideSolutionNode = FALSE
	EndGlobalSection
	GlobalSection(NestedProjects) = preSolution
		{59B598AA-54C0-4CA9-BFD9-85C96591D7D0} = {067373DA-C811-46C3-A560-9955FA128016}
		{D7AC6D7A-34AC-4C5F-8FF0-EEF4D2A884B4} = {067373DA-C811-46C3-A560-9955FA128016}
		{67511BCF-9B8D-45F3-A95B-B28E8504BA77} = {067373DA-C811-46C3-A560-9955FA128016}
		{6A6F25EA-0613-48F2-951E-86E8D3FBEB94} = {067373DA-C811-46C3-A560-9955FA128016}
	EndGlobalSection
	GlobalSection(ExtensibilityGlobals) = postSolution
		SolutionGuid = {F56668C5-0CC0-4471-82C3-FD9474DD706F}
	EndGlobalSection
EndGlobal
